
Microsoft Visual Studio Solution File, Format Version 12.00
# Visual Studio Version 17
VisualStudioVersion = 17.2.32630.192
MinimumVisualStudioVersion = 10.0.40219.1
Project("{FAE04EC0-301F-11D3-BF4B-00C04F79EFBC}") = "MethodOverloading", "MethodOverloading\MethodOverloading.csproj", "{4298F688-AA6F-4FF3-BE9C-16D87AED34DD}"
EndProject
Global
	GlobalSection(SolutionConfigurationPlatforms) = preSolution
		Debug|Any CPU = Debug|Any CPU
		Release|Any CPU = Release|Any CPU
	EndGlobalSection
	GlobalSection(ProjectConfigurationPlatforms) = postSolution
		{4298F688-AA6F-4FF3-BE9C-16D87AED34DD}.Debug|Any CPU.ActiveCfg = Debug|Any CPU
		{4298F688-AA6F-4FF3-BE9C-16D87AED34DD}.Debug|Any CPU.Build.0 = Debug|Any CPU
		{4298F688-AA6F-4FF3-BE9C-16D87AED34DD}.Release|Any CPU.ActiveCfg = Release|Any CPU
		{4298F688-AA6F-4FF3-BE9C-16D87AED34DD}.Release|Any CPU.Build.0 = Release|Any CPU
	EndGlobalSection
	GlobalSection(SolutionProperties) = preSolution
		HideSolutionNode = FALSE
	EndGlobalSection
	GlobalSection(ExtensibilityGlobals) = postSolution
		SolutionGuid = {D5C75652-2E1D-4472-8756-FF84C7C80B5E}
	EndGlobalSection
EndGlobal
